
Microsoft Visual Studio Solution File, Format Version 12.00
# Visual Studio Version 17
VisualStudioVersion = 17.13.35825.156 d17.13
MinimumVisualStudioVersion = 10.0.40219.1
Project("{FAE04EC0-301F-11D3-BF4B-00C04F79EFBC}") = "SchoolManagement", "SchoolManagement.csproj", "{EF8381DA-E8C7-454D-9951-D779D7B3B0FF}"
EndProject
Global
	GlobalSection(SolutionConfigurationPlatforms) = preSolution
		Debug|Any CPU = Debug|Any CPU
		Release|Any CPU = Release|Any CPU
	EndGlobalSection
	GlobalSection(ProjectConfigurationPlatforms) = postSolution
		{EF8381DA-E8C7-454D-9951-D779D7B3B0FF}.Debug|Any CPU.ActiveCfg = Debug|Any CPU
		{EF8381DA-E8C7-454D-9951-D779D7B3B0FF}.Debug|Any CPU.Build.0 = Debug|Any CPU
		{EF8381DA-E8C7-454D-9951-D779D7B3B0FF}.Release|Any CPU.ActiveCfg = Release|Any CPU
		{EF8381DA-E8C7-454D-9951-D779D7B3B0FF}.Release|Any CPU.Build.0 = Release|Any CPU
	EndGlobalSection
	GlobalSection(SolutionProperties) = preSolution
		HideSolutionNode = FALSE
	EndGlobalSection
	GlobalSection(ExtensibilityGlobals) = postSolution
		SolutionGuid = {BFDB26A8-A068-4322-A6BA-23D5ED6C4CD2}
	EndGlobalSection
EndGlobal
